
Microsoft Visual Studio Solution File, Format Version 12.00
# Visual Studio Version 17
VisualStudioVersion = 17.4.33213.308
MinimumVisualStudioVersion = 10.0.40219.1
Project("{FAE04EC0-301F-11D3-BF4B-00C04F79EFBC}") = "bankmanagement", "bankmanagement\bankmanagement.csproj", "{5B028BC8-DFFB-4119-8C38-87AFD19DC2A8}"
EndProject
Global
	GlobalSection(SolutionConfigurationPlatforms) = preSolution
		Debug|Any CPU = Debug|Any CPU
		Release|Any CPU = Release|Any CPU
	EndGlobalSection
	GlobalSection(ProjectConfigurationPlatforms) = postSolution
		{5B028BC8-DFFB-4119-8C38-87AFD19DC2A8}.Debug|Any CPU.ActiveCfg = Debug|Any CPU
		{5B028BC8-DFFB-4119-8C38-87AFD19DC2A8}.Debug|Any CPU.Build.0 = Debug|Any CPU
		{5B028BC8-DFFB-4119-8C38-87AFD19DC2A8}.Release|Any CPU.ActiveCfg = Release|Any CPU
		{5B028BC8-DFFB-4119-8C38-87AFD19DC2A8}.Release|Any CPU.Build.0 = Release|Any CPU
	EndGlobalSection
	GlobalSection(SolutionProperties) = preSolution
		HideSolutionNode = FALSE
	EndGlobalSection
	GlobalSection(ExtensibilityGlobals) = postSolution
		SolutionGuid = {35381086-A2C1-4AC9-A9D3-0ABDA0329B45}
	EndGlobalSection
EndGlobal
